{
  "nodes": {
    "flake-parts": {
      "inputs": {
        "nixpkgs-lib": "nixpkgs-lib"
      },
      "locked": {
        "lastModified": 1706830856,
        "narHash": "sha256-a0NYyp+h9hlb7ddVz4LUn1vT/PLwqfrWYcHMvFB1xYg=",
        "owner": "hercules-ci",
        "repo": "flake-parts",
        "rev": "b253292d9c0a5ead9bc98c4e9a26c6312e27d69f",
        "type": "github"
      },
      "original": {
        "owner": "hercules-ci",
        "repo": "flake-parts",
        "type": "github"
      }
    },
    "flake-utils": {
      "inputs": {
        "systems": "systems"
      },
      "locked": {
        "lastModified": 1710146030,
        "narHash": "sha256-SZ5L6eA7HJ/nmkzGG7/ISclqe6oZdOZTNoesiInkXPQ=",
        "owner": "numtide",
        "repo": "flake-utils",
        "rev": "b1d9ab70662946ef0850d488da1c9019f3a9752a",
        "type": "github"
      },
      "original": {
        "owner": "numtide",
        "repo": "flake-utils",
        "type": "github"
      }
    },
    "flake-utils_2": {
      "locked": {
        "lastModified": 1659877975,
        "narHash": "sha256-zllb8aq3YO3h8B/U0/J1WBgAL8EX5yWf5pMj3G0NAmc=",
        "owner": "numtide",
        "repo": "flake-utils",
        "rev": "c0e246b9b83f637f4681389ecabcb2681b4f3af0",
        "type": "github"
      },
      "original": {
        "owner": "numtide",
        "repo": "flake-utils",
        "type": "github"
      }
    },
    "home-config": {
      "inputs": {
        "flake-utils": "flake-utils",
        "home-manager": [
          "home-manager"
        ],
        "nixgl": "nixgl",
        "nixpkgs": [
          "nixpkgs"
        ],
        "tms": "tms"
      },
      "locked": {
        "lastModified": 1713889112,
        "narHash": "sha256-TSLq0MVEfCQuQY5oSN4S4lRBV+RDtAHLdbhqWp2uwdQ=",
        "owner": "junglerobba",
        "repo": "home-manager",
        "rev": "9f84bc189651c5ef562f9dae31a437cb37acedf0",
        "type": "github"
      },
      "original": {
        "owner": "junglerobba",
        "repo": "home-manager",
        "type": "github"
      }
    },
    "home-manager": {
      "inputs": {
        "nixpkgs": [
          "nixpkgs"
        ]
      },
      "locked": {
        "lastModified": 1713801874,
        "narHash": "sha256-bRcvw+arBwpRzqpZQxyB1pCaq1TJXhnx4f294hMXkm4=",
        "owner": "nix-community",
        "repo": "home-manager",
        "rev": "1451d2866d9ef3739c20f964c9c8bd6db39cc373",
        "type": "github"
      },
      "original": {
        "owner": "nix-community",
        "repo": "home-manager",
        "type": "github"
      }
    },
    "nixgl": {
      "inputs": {
        "flake-utils": "flake-utils_2",
        "nixpkgs": [
          "home-config",
          "nixpkgs"
        ]
      },
      "locked": {
        "lastModified": 1713543440,
        "narHash": "sha256-lnzZQYG0+EXl/6NkGpyIz+FEOc/DSEG57AP1VsdeNrM=",
        "owner": "nix-community",
        "repo": "nixGL",
        "rev": "310f8e49a149e4c9ea52f1adf70cdc768ec53f8a",
        "type": "github"
      },
      "original": {
        "owner": "nix-community",
        "repo": "nixGL",
        "type": "github"
      }
    },
    "nixpkgs": {
      "locked": {
        "lastModified": 1713714899,
        "narHash": "sha256-+z/XjO3QJs5rLE5UOf015gdVauVRQd2vZtsFkaXBq2Y=",
        "owner": "nixos",
        "repo": "nixpkgs",
        "rev": "6143fc5eeb9c4f00163267708e26191d1e918932",
        "type": "github"
      },
      "original": {
        "owner": "nixos",
        "ref": "nixos-unstable",
        "repo": "nixpkgs",
        "type": "github"
      }
    },
    "nixpkgs-lib": {
      "locked": {
        "dir": "lib",
        "lastModified": 1706550542,
        "narHash": "sha256-UcsnCG6wx++23yeER4Hg18CXWbgNpqNXcHIo5/1Y+hc=",
        "owner": "NixOS",
        "repo": "nixpkgs",
        "rev": "97b17f32362e475016f942bbdfda4a4a72a8a652",
        "type": "github"
      },
      "original": {
        "dir": "lib",
        "owner": "NixOS",
        "ref": "nixos-unstable",
        "repo": "nixpkgs",
        "type": "github"
      }
    },
    "root": {
      "inputs": {
        "home-config": "home-config",
        "home-manager": "home-manager",
        "nixpkgs": "nixpkgs"
      }
    },
    "systems": {
      "locked": {
        "lastModified": 1681028828,
        "narHash": "sha256-Vy1rq5AaRuLzOxct8nz4T6wlgyUR7zLU309k9mBC768=",
        "owner": "nix-systems",
        "repo": "default",
        "rev": "da67096a3b9bf56a91d16901293e51ba5b49a27e",
        "type": "github"
      },
      "original": {
        "owner": "nix-systems",
        "repo": "default",
        "type": "github"
      }
    },
    "tms": {
      "inputs": {
        "flake-parts": "flake-parts",
        "nixpkgs": [
          "home-config",
          "nixpkgs"
        ]
      },
      "locked": {
        "lastModified": 1712942193,
        "narHash": "sha256-jlHzxGKL5Vt0ADN29RxPW3ArZsEnPypRXGaW3nHdlno=",
        "owner": "jrmoulton",
        "repo": "tmux-sessionizer",
        "rev": "56c0b1c0cad01f56446d0fa65d246a2679d42f48",
        "type": "github"
      },
      "original": {
        "owner": "jrmoulton",
        "repo": "tmux-sessionizer",
        "type": "github"
      }
    }
  },
  "root": "root",
  "version": 7
}
